
Microsoft Visual Studio Solution File, Format Version 12.00
# Visual Studio 14
VisualStudioVersion = 14.0.23107.0
MinimumVisualStudioVersion = 10.0.40219.1
Project("{FAE04EC0-301F-11D3-BF4B-00C04F79EFBC}") = "SkaaEditorUI", "SkaaEditorUI\SkaaEditorUI.csproj", "{35FE87C7-BA8E-4CB1-9059-D21D91063381}"
EndProject
Project("{FAE04EC0-301F-11D3-BF4B-00C04F79EFBC}") = "SkaaEditorControls", "SkaaEditorControls\SkaaEditorControls.csproj", "{A6836EA4-C3CA-4179-BC90-C6768FCEAD6F}"
EndProject
Project("{FAE04EC0-301F-11D3-BF4B-00C04F79EFBC}") = "SkaaGameDataLib", "SkaaGameDataLib\SkaaGameDataLib.csproj", "{DA473696-B41A-4C5E-879D-77AE1E12B01D}"
EndProject
Project("{FAE04EC0-301F-11D3-BF4B-00C04F79EFBC}") = "BitmapProcessing", "BitmapProcessing\BitmapProcessing.csproj", "{3816600B-B417-460D-8457-96039058B03E}"
EndProject
Project("{FAE04EC0-301F-11D3-BF4B-00C04F79EFBC}") = "Cyotek.Windows.Forms.ColorPicker", "Cyotek.Windows.Forms.ColorPicker\Cyotek.Windows.Forms.ColorPicker.csproj", "{FB2A5786-CD2E-42CE-BC5D-0FCE90034221}"
EndProject
Project("{FAE04EC0-301F-11D3-BF4B-00C04F79EFBC}") = "Cyotek.Windows.Forms.ImageBox", "Cyotek.Windows.Forms.ImageBox\Cyotek.Windows.Forms.ImageBox.csproj", "{4159C8D3-C18D-4BED-8BE6-9BAD1B0CA4F6}"
EndProject
Project("{FAE04EC0-301F-11D3-BF4B-00C04F79EFBC}") = "Capslock.WinForms.ImageEditor", "Capslock.WinForms.ImageEditor\Capslock.WinForms.ImageEditor.csproj", "{89F261AB-A077-4198-9640-24D6728F0451}"
EndProject
Project("{FAE04EC0-301F-11D3-BF4B-00C04F79EFBC}") = "SkaaEditorUnitTester", "SkaaEditorUnitTester\SkaaEditorUnitTester.csproj", "{A00CB25F-5DF6-4430-B2A3-4C871DD5DF4D}"
EndProject
Global
	GlobalSection(SolutionConfigurationPlatforms) = preSolution
		Debug|Any CPU = Debug|Any CPU
		Debug|ARM = Debug|ARM
		Debug|Mixed Platforms = Debug|Mixed Platforms
		Debug|x64 = Debug|x64
		Debug|x86 = Debug|x86
		Release|Any CPU = Release|Any CPU
		Release|ARM = Release|ARM
		Release|Mixed Platforms = Release|Mixed Platforms
		Release|x64 = Release|x64
		Release|x86 = Release|x86
	EndGlobalSection
	GlobalSection(ProjectConfigurationPlatforms) = postSolution
		{35FE87C7-BA8E-4CB1-9059-D21D91063381}.Debug|Any CPU.ActiveCfg = Debug|x86
		{35FE87C7-BA8E-4CB1-9059-D21D91063381}.Debug|Any CPU.Build.0 = Debug|x86
		{35FE87C7-BA8E-4CB1-9059-D21D91063381}.Debug|ARM.ActiveCfg = Debug|x86
		{35FE87C7-BA8E-4CB1-9059-D21D91063381}.Debug|Mixed Platforms.ActiveCfg = Debug|x86
		{35FE87C7-BA8E-4CB1-9059-D21D91063381}.Debug|Mixed Platforms.Build.0 = Debug|x86
		{35FE87C7-BA8E-4CB1-9059-D21D91063381}.Debug|x64.ActiveCfg = Debug|x86
		{35FE87C7-BA8E-4CB1-9059-D21D91063381}.Debug|x86.ActiveCfg = Debug|x86
		{35FE87C7-BA8E-4CB1-9059-D21D91063381}.Debug|x86.Build.0 = Debug|x86
		{35FE87C7-BA8E-4CB1-9059-D21D91063381}.Release|Any CPU.ActiveCfg = Release|x86
		{35FE87C7-BA8E-4CB1-9059-D21D91063381}.Release|ARM.ActiveCfg = Release|x86
		{35FE87C7-BA8E-4CB1-9059-D21D91063381}.Release|Mixed Platforms.ActiveCfg = Release|x86
		{35FE87C7-BA8E-4CB1-9059-D21D91063381}.Release|Mixed Platforms.Build.0 = Release|x86
		{35FE87C7-BA8E-4CB1-9059-D21D91063381}.Release|x64.ActiveCfg = Release|x86
		{35FE87C7-BA8E-4CB1-9059-D21D91063381}.Release|x86.ActiveCfg = Release|x86
		{35FE87C7-BA8E-4CB1-9059-D21D91063381}.Release|x86.Build.0 = Release|x86
		{A6836EA4-C3CA-4179-BC90-C6768FCEAD6F}.Debug|Any CPU.ActiveCfg = Debug|Any CPU
		{A6836EA4-C3CA-4179-BC90-C6768FCEAD6F}.Debug|Any CPU.Build.0 = Debug|Any CPU
		{A6836EA4-C3CA-4179-BC90-C6768FCEAD6F}.Debug|ARM.ActiveCfg = Debug|Any CPU
		{A6836EA4-C3CA-4179-BC90-C6768FCEAD6F}.Debug|ARM.Build.0 = Debug|Any CPU
		{A6836EA4-C3CA-4179-BC90-C6768FCEAD6F}.Debug|Mixed Platforms.ActiveCfg = Debug|Any CPU
		{A6836EA4-C3CA-4179-BC90-C6768FCEAD6F}.Debug|Mixed Platforms.Build.0 = Debug|Any CPU
		{A6836EA4-C3CA-4179-BC90-C6768FCEAD6F}.Debug|x64.ActiveCfg = Debug|Any CPU
		{A6836EA4-C3CA-4179-BC90-C6768FCEAD6F}.Debug|x64.Build.0 = Debug|Any CPU
		{A6836EA4-C3CA-4179-BC90-C6768FCEAD6F}.Debug|x86.ActiveCfg = Debug|Any CPU
		{A6836EA4-C3CA-4179-BC90-C6768FCEAD6F}.Debug|x86.Build.0 = Debug|Any CPU
		{A6836EA4-C3CA-4179-BC90-C6768FCEAD6F}.Release|Any CPU.ActiveCfg = Release|Any CPU
		{A6836EA4-C3CA-4179-BC90-C6768FCEAD6F}.Release|Any CPU.Build.0 = Release|Any CPU
		{A6836EA4-C3CA-4179-BC90-C6768FCEAD6F}.Release|ARM.ActiveCfg = Release|Any CPU
		{A6836EA4-C3CA-4179-BC90-C6768FCEAD6F}.Release|ARM.Build.0 = Release|Any CPU
		{A6836EA4-C3CA-4179-BC90-C6768FCEAD6F}.Release|Mixed Platforms.ActiveCfg = Release|Any CPU
		{A6836EA4-C3CA-4179-BC90-C6768FCEAD6F}.Release|Mixed Platforms.Build.0 = Release|Any CPU
		{A6836EA4-C3CA-4179-BC90-C6768FCEAD6F}.Release|x64.ActiveCfg = Release|Any CPU
		{A6836EA4-C3CA-4179-BC90-C6768FCEAD6F}.Release|x64.Build.0 = Release|Any CPU
		{A6836EA4-C3CA-4179-BC90-C6768FCEAD6F}.Release|x86.ActiveCfg = Release|Any CPU
		{DA473696-B41A-4C5E-879D-77AE1E12B01D}.Debug|Any CPU.ActiveCfg = Debug|Any CPU
		{DA473696-B41A-4C5E-879D-77AE1E12B01D}.Debug|Any CPU.Build.0 = Debug|Any CPU
		{DA473696-B41A-4C5E-879D-77AE1E12B01D}.Debug|ARM.ActiveCfg = Debug|Any CPU
		{DA473696-B41A-4C5E-879D-77AE1E12B01D}.Debug|ARM.Build.0 = Debug|Any CPU
		{DA473696-B41A-4C5E-879D-77AE1E12B01D}.Debug|Mixed Platforms.ActiveCfg = Debug|Any CPU
		{DA473696-B41A-4C5E-879D-77AE1E12B01D}.Debug|Mixed Platforms.Build.0 = Debug|Any CPU
		{DA473696-B41A-4C5E-879D-77AE1E12B01D}.Debug|x64.ActiveCfg = Debug|Any CPU
		{DA473696-B41A-4C5E-879D-77AE1E12B01D}.Debug|x64.Build.0 = Debug|Any CPU
		{DA473696-B41A-4C5E-879D-77AE1E12B01D}.Debug|x86.ActiveCfg = Debug|Any CPU
		{DA473696-B41A-4C5E-879D-77AE1E12B01D}.Debug|x86.Build.0 = Debug|Any CPU
		{DA473696-B41A-4C5E-879D-77AE1E12B01D}.Release|Any CPU.ActiveCfg = Release|Any CPU
		{DA473696-B41A-4C5E-879D-77AE1E12B01D}.Release|Any CPU.Build.0 = Release|Any CPU
		{DA473696-B41A-4C5E-879D-77AE1E12B01D}.Release|ARM.ActiveCfg = Release|Any CPU
		{DA473696-B41A-4C5E-879D-77AE1E12B01D}.Release|ARM.Build.0 = Release|Any CPU
		{DA473696-B41A-4C5E-879D-77AE1E12B01D}.Release|Mixed Platforms.ActiveCfg = Release|Any CPU
		{DA473696-B41A-4C5E-879D-77AE1E12B01D}.Release|Mixed Platforms.Build.0 = Release|Any CPU
		{DA473696-B41A-4C5E-879D-77AE1E12B01D}.Release|x64.ActiveCfg = Release|Any CPU
		{DA473696-B41A-4C5E-879D-77AE1E12B01D}.Release|x64.Build.0 = Release|Any CPU
		{DA473696-B41A-4C5E-879D-77AE1E12B01D}.Release|x86.ActiveCfg = Release|Any CPU
		{3816600B-B417-460D-8457-96039058B03E}.Debug|Any CPU.ActiveCfg = Debug|Any CPU
		{3816600B-B417-460D-8457-96039058B03E}.Debug|Any CPU.Build.0 = Debug|Any CPU
		{3816600B-B417-460D-8457-96039058B03E}.Debug|ARM.ActiveCfg = Debug|Any CPU
		{3816600B-B417-460D-8457-96039058B03E}.Debug|ARM.Build.0 = Debug|Any CPU
		{3816600B-B417-460D-8457-96039058B03E}.Debug|Mixed Platforms.ActiveCfg = Debug|Any CPU
		{3816600B-B417-460D-8457-96039058B03E}.Debug|Mixed Platforms.Build.0 = Debug|Any CPU
		{3816600B-B417-460D-8457-96039058B03E}.Debug|x64.ActiveCfg = Debug|Any CPU
		{3816600B-B417-460D-8457-96039058B03E}.Debug|x64.Build.0 = Debug|Any CPU
		{3816600B-B417-460D-8457-96039058B03E}.Debug|x86.ActiveCfg = Debug|Any CPU
		{3816600B-B417-460D-8457-96039058B03E}.Debug|x86.Build.0 = Debug|Any CPU
		{3816600B-B417-460D-8457-96039058B03E}.Release|Any CPU.ActiveCfg = Release|Any CPU
		{3816600B-B417-460D-8457-96039058B03E}.Release|Any CPU.Build.0 = Release|Any CPU
		{3816600B-B417-460D-8457-96039058B03E}.Release|ARM.ActiveCfg = Release|Any CPU
		{3816600B-B417-460D-8457-96039058B03E}.Release|ARM.Build.0 = Release|Any CPU
		{3816600B-B417-460D-8457-96039058B03E}.Release|Mixed Platforms.ActiveCfg = Release|Any CPU
		{3816600B-B417-460D-8457-96039058B03E}.Release|Mixed Platforms.Build.0 = Release|Any CPU
		{3816600B-B417-460D-8457-96039058B03E}.Release|x64.ActiveCfg = Release|Any CPU
		{3816600B-B417-460D-8457-96039058B03E}.Release|x64.Build.0 = Release|Any CPU
		{3816600B-B417-460D-8457-96039058B03E}.Release|x86.ActiveCfg = Release|Any CPU
		{3816600B-B417-460D-8457-96039058B03E}.Release|x86.Build.0 = Release|Any CPU
		{FB2A5786-CD2E-42CE-BC5D-0FCE90034221}.Debug|Any CPU.ActiveCfg = Debug|Any CPU
		{FB2A5786-CD2E-42CE-BC5D-0FCE90034221}.Debug|Any CPU.Build.0 = Debug|Any CPU
		{FB2A5786-CD2E-42CE-BC5D-0FCE90034221}.Debug|ARM.ActiveCfg = Debug|Any CPU
		{FB2A5786-CD2E-42CE-BC5D-0FCE90034221}.Debug|ARM.Build.0 = Debug|Any CPU
		{FB2A5786-CD2E-42CE-BC5D-0FCE90034221}.Debug|Mixed Platforms.ActiveCfg = Debug|Any CPU
		{FB2A5786-CD2E-42CE-BC5D-0FCE90034221}.Debug|Mixed Platforms.Build.0 = Debug|Any CPU
		{FB2A5786-CD2E-42CE-BC5D-0FCE90034221}.Debug|x64.ActiveCfg = Debug|Any CPU
		{FB2A5786-CD2E-42CE-BC5D-0FCE90034221}.Debug|x64.Build.0 = Debug|Any CPU
		{FB2A5786-CD2E-42CE-BC5D-0FCE90034221}.Debug|x86.ActiveCfg = Debug|Any CPU
		{FB2A5786-CD2E-42CE-BC5D-0FCE90034221}.Debug|x86.Build.0 = Debug|Any CPU
		{FB2A5786-CD2E-42CE-BC5D-0FCE90034221}.Release|Any CPU.ActiveCfg = Release|Any CPU
		{FB2A5786-CD2E-42CE-BC5D-0FCE90034221}.Release|Any CPU.Build.0 = Release|Any CPU
		{FB2A5786-CD2E-42CE-BC5D-0FCE90034221}.Release|ARM.ActiveCfg = Release|Any CPU
		{FB2A5786-CD2E-42CE-BC5D-0FCE90034221}.Release|ARM.Build.0 = Release|Any CPU
		{FB2A5786-CD2E-42CE-BC5D-0FCE90034221}.Release|Mixed Platforms.ActiveCfg = Release|Any CPU
		{FB2A5786-CD2E-42CE-BC5D-0FCE90034221}.Release|Mixed Platforms.Build.0 = Release|Any CPU
		{FB2A5786-CD2E-42CE-BC5D-0FCE90034221}.Release|x64.ActiveCfg = Release|Any CPU
		{FB2A5786-CD2E-42CE-BC5D-0FCE90034221}.Release|x64.Build.0 = Release|Any CPU
		{FB2A5786-CD2E-42CE-BC5D-0FCE90034221}.Release|x86.ActiveCfg = Release|Any CPU
		{FB2A5786-CD2E-42CE-BC5D-0FCE90034221}.Release|x86.Build.0 = Release|Any CPU
		{4159C8D3-C18D-4BED-8BE6-9BAD1B0CA4F6}.Debug|Any CPU.ActiveCfg = Debug|Any CPU
		{4159C8D3-C18D-4BED-8BE6-9BAD1B0CA4F6}.Debug|Any CPU.Build.0 = Debug|Any CPU
		{4159C8D3-C18D-4BED-8BE6-9BAD1B0CA4F6}.Debug|ARM.ActiveCfg = Debug|Any CPU
		{4159C8D3-C18D-4BED-8BE6-9BAD1B0CA4F6}.Debug|ARM.Build.0 = Debug|Any CPU
		{4159C8D3-C18D-4BED-8BE6-9BAD1B0CA4F6}.Debug|Mixed Platforms.ActiveCfg = Debug|Any CPU
		{4159C8D3-C18D-4BED-8BE6-9BAD1B0CA4F6}.Debug|Mixed Platforms.Build.0 = Debug|Any CPU
		{4159C8D3-C18D-4BED-8BE6-9BAD1B0CA4F6}.Debug|x64.ActiveCfg = Debug|Any CPU
		{4159C8D3-C18D-4BED-8BE6-9BAD1B0CA4F6}.Debug|x64.Build.0 = Debug|Any CPU
		{4159C8D3-C18D-4BED-8BE6-9BAD1B0CA4F6}.Debug|x86.ActiveCfg = Debug|Any CPU
		{4159C8D3-C18D-4BED-8BE6-9BAD1B0CA4F6}.Debug|x86.Build.0 = Debug|Any CPU
		{4159C8D3-C18D-4BED-8BE6-9BAD1B0CA4F6}.Release|Any CPU.ActiveCfg = Release|Any CPU
		{4159C8D3-C18D-4BED-8BE6-9BAD1B0CA4F6}.Release|Any CPU.Build.0 = Release|Any CPU
		{4159C8D3-C18D-4BED-8BE6-9BAD1B0CA4F6}.Release|ARM.ActiveCfg = Release|Any CPU
		{4159C8D3-C18D-4BED-8BE6-9BAD1B0CA4F6}.Release|ARM.Build.0 = Release|Any CPU
		{4159C8D3-C18D-4BED-8BE6-9BAD1B0CA4F6}.Release|Mixed Platforms.ActiveCfg = Release|Any CPU
		{4159C8D3-C18D-4BED-8BE6-9BAD1B0CA4F6}.Release|Mixed Platforms.Build.0 = Release|Any CPU
		{4159C8D3-C18D-4BED-8BE6-9BAD1B0CA4F6}.Release|x64.ActiveCfg = Release|Any CPU
		{4159C8D3-C18D-4BED-8BE6-9BAD1B0CA4F6}.Release|x64.Build.0 = Release|Any CPU
		{4159C8D3-C18D-4BED-8BE6-9BAD1B0CA4F6}.Release|x86.ActiveCfg = Release|Any CPU
		{4159C8D3-C18D-4BED-8BE6-9BAD1B0CA4F6}.Release|x86.Build.0 = Release|Any CPU
		{89F261AB-A077-4198-9640-24D6728F0451}.Debug|Any CPU.ActiveCfg = Debug|Any CPU
		{89F261AB-A077-4198-9640-24D6728F0451}.Debug|Any CPU.Build.0 = Debug|Any CPU
		{89F261AB-A077-4198-9640-24D6728F0451}.Debug|ARM.ActiveCfg = Debug|Any CPU
		{89F261AB-A077-4198-9640-24D6728F0451}.Debug|ARM.Build.0 = Debug|Any CPU
		{89F261AB-A077-4198-9640-24D6728F0451}.Debug|Mixed Platforms.ActiveCfg = Debug|Any CPU
		{89F261AB-A077-4198-9640-24D6728F0451}.Debug|Mixed Platforms.Build.0 = Debug|Any CPU
		{89F261AB-A077-4198-9640-24D6728F0451}.Debug|x64.ActiveCfg = Debug|Any CPU
		{89F261AB-A077-4198-9640-24D6728F0451}.Debug|x64.Build.0 = Debug|Any CPU
		{89F261AB-A077-4198-9640-24D6728F0451}.Debug|x86.ActiveCfg = Debug|Any CPU
		{89F261AB-A077-4198-9640-24D6728F0451}.Debug|x86.Build.0 = Debug|Any CPU
		{89F261AB-A077-4198-9640-24D6728F0451}.Release|Any CPU.ActiveCfg = Release|Any CPU
		{89F261AB-A077-4198-9640-24D6728F0451}.Release|Any CPU.Build.0 = Release|Any CPU
		{89F261AB-A077-4198-9640-24D6728F0451}.Release|ARM.ActiveCfg = Release|Any CPU
		{89F261AB-A077-4198-9640-24D6728F0451}.Release|ARM.Build.0 = Release|Any CPU
		{89F261AB-A077-4198-9640-24D6728F0451}.Release|Mixed Platforms.ActiveCfg = Release|Any CPU
		{89F261AB-A077-4198-9640-24D6728F0451}.Release|Mixed Platforms.Build.0 = Release|Any CPU
		{89F261AB-A077-4198-9640-24D6728F0451}.Release|x64.ActiveCfg = Release|Any CPU
		{89F261AB-A077-4198-9640-24D6728F0451}.Release|x64.Build.0 = Release|Any CPU
		{89F261AB-A077-4198-9640-24D6728F0451}.Release|x86.ActiveCfg = Release|Any CPU
		{89F261AB-A077-4198-9640-24D6728F0451}.Release|x86.Build.0 = Release|Any CPU
		{A00CB25F-5DF6-4430-B2A3-4C871DD5DF4D}.Debug|Any CPU.ActiveCfg = Debug|Any CPU
		{A00CB25F-5DF6-4430-B2A3-4C871DD5DF4D}.Debug|Any CPU.Build.0 = Debug|Any CPU
		{A00CB25F-5DF6-4430-B2A3-4C871DD5DF4D}.Debug|ARM.ActiveCfg = Debug|Any CPU
		{A00CB25F-5DF6-4430-B2A3-4C871DD5DF4D}.Debug|ARM.Build.0 = Debug|Any CPU
		{A00CB25F-5DF6-4430-B2A3-4C871DD5DF4D}.Debug|Mixed Platforms.ActiveCfg = Debug|Any CPU
		{A00CB25F-5DF6-4430-B2A3-4C871DD5DF4D}.Debug|Mixed Platforms.Build.0 = Debug|Any CPU
		{A00CB25F-5DF6-4430-B2A3-4C871DD5DF4D}.Debug|x64.ActiveCfg = Debug|Any CPU
		{A00CB25F-5DF6-4430-B2A3-4C871DD5DF4D}.Debug|x64.Build.0 = Debug|Any CPU
		{A00CB25F-5DF6-4430-B2A3-4C871DD5DF4D}.Debug|x86.ActiveCfg = Debug|Any CPU
		{A00CB25F-5DF6-4430-B2A3-4C871DD5DF4D}.Debug|x86.Build.0 = Debug|Any CPU
		{A00CB25F-5DF6-4430-B2A3-4C871DD5DF4D}.Release|Any CPU.ActiveCfg = Release|Any CPU
		{A00CB25F-5DF6-4430-B2A3-4C871DD5DF4D}.Release|Any CPU.Build.0 = Release|Any CPU
		{A00CB25F-5DF6-4430-B2A3-4C871DD5DF4D}.Release|ARM.ActiveCfg = Release|Any CPU
		{A00CB25F-5DF6-4430-B2A3-4C871DD5DF4D}.Release|ARM.Build.0 = Release|Any CPU
		{A00CB25F-5DF6-4430-B2A3-4C871DD5DF4D}.Release|Mixed Platforms.ActiveCfg = Release|Any CPU
		{A00CB25F-5DF6-4430-B2A3-4C871DD5DF4D}.Release|Mixed Platforms.Build.0 = Release|Any CPU
		{A00CB25F-5DF6-4430-B2A3-4C871DD5DF4D}.Release|x64.ActiveCfg = Release|Any CPU
		{A00CB25F-5DF6-4430-B2A3-4C871DD5DF4D}.Release|x64.Build.0 = Release|Any CPU
		{A00CB25F-5DF6-4430-B2A3-4C871DD5DF4D}.Release|x86.ActiveCfg = Release|Any CPU
		{A00CB25F-5DF6-4430-B2A3-4C871DD5DF4D}.Release|x86.Build.0 = Release|Any CPU
	EndGlobalSection
	GlobalSection(SolutionProperties) = preSolution
		HideSolutionNode = FALSE
	EndGlobalSection
EndGlobal
