
Microsoft Visual Studio Solution File, Format Version 12.00
# Visual Studio 14
VisualStudioVersion = 14.0.23107.0
MinimumVisualStudioVersion = 10.0.40219.1
Project("{FAE04EC0-301F-11D3-BF4B-00C04F79EFBC}") = "SkaaEditorUI", "SkaaEditorUI\SkaaEditorUI.csproj", "{35FE87C7-BA8E-4CB1-9059-D21D91063381}"
EndProject
Project("{FAE04EC0-301F-11D3-BF4B-00C04F79EFBC}") = "SkaaColorChooser", "SkaaColorChooser\SkaaColorChooser.csproj", "{3F16F961-5140-422D-86A6-40CCEA72B495}"
EndProject
Project("{FAE04EC0-301F-11D3-BF4B-00C04F79EFBC}") = "SkaaImageBox", "SkaaImageBox\SkaaImageBox.csproj", "{086B66C3-643E-43C5-8ED9-5B8B1397277A}"
EndProject
Project("{FAE04EC0-301F-11D3-BF4B-00C04F79EFBC}") = "SkaaFrameViewer", "SkaaFrameViewer\SkaaFrameViewer.csproj", "{A6836EA4-C3CA-4179-BC90-C6768FCEAD6F}"
EndProject
Project("{FAE04EC0-301F-11D3-BF4B-00C04F79EFBC}") = "SkaaGameDataLib", "SkaaGameDataLib\SkaaGameDataLib.csproj", "{DA473696-B41A-4C5E-879D-77AE1E12B01D}"
EndProject
Global
	GlobalSection(SolutionConfigurationPlatforms) = preSolution
		Debug|Any CPU = Debug|Any CPU
		Debug|Mixed Platforms = Debug|Mixed Platforms
		Debug|x86 = Debug|x86
		Release|Any CPU = Release|Any CPU
		Release|Mixed Platforms = Release|Mixed Platforms
		Release|x86 = Release|x86
	EndGlobalSection
	GlobalSection(ProjectConfigurationPlatforms) = postSolution
		{35FE87C7-BA8E-4CB1-9059-D21D91063381}.Debug|Any CPU.ActiveCfg = Debug|x86
		{35FE87C7-BA8E-4CB1-9059-D21D91063381}.Debug|Any CPU.Build.0 = Debug|x86
		{35FE87C7-BA8E-4CB1-9059-D21D91063381}.Debug|Mixed Platforms.ActiveCfg = Debug|x86
		{35FE87C7-BA8E-4CB1-9059-D21D91063381}.Debug|Mixed Platforms.Build.0 = Debug|x86
		{35FE87C7-BA8E-4CB1-9059-D21D91063381}.Debug|x86.ActiveCfg = Debug|x86
		{35FE87C7-BA8E-4CB1-9059-D21D91063381}.Debug|x86.Build.0 = Debug|x86
		{35FE87C7-BA8E-4CB1-9059-D21D91063381}.Release|Any CPU.ActiveCfg = Release|x86
		{35FE87C7-BA8E-4CB1-9059-D21D91063381}.Release|Mixed Platforms.ActiveCfg = Release|x86
		{35FE87C7-BA8E-4CB1-9059-D21D91063381}.Release|Mixed Platforms.Build.0 = Release|x86
		{35FE87C7-BA8E-4CB1-9059-D21D91063381}.Release|x86.ActiveCfg = Release|x86
		{35FE87C7-BA8E-4CB1-9059-D21D91063381}.Release|x86.Build.0 = Release|x86
		{3F16F961-5140-422D-86A6-40CCEA72B495}.Debug|Any CPU.ActiveCfg = Debug|Any CPU
		{3F16F961-5140-422D-86A6-40CCEA72B495}.Debug|Any CPU.Build.0 = Debug|Any CPU
		{3F16F961-5140-422D-86A6-40CCEA72B495}.Debug|Mixed Platforms.ActiveCfg = Debug|Any CPU
		{3F16F961-5140-422D-86A6-40CCEA72B495}.Debug|Mixed Platforms.Build.0 = Debug|Any CPU
		{3F16F961-5140-422D-86A6-40CCEA72B495}.Debug|x86.ActiveCfg = Debug|Any CPU
		{3F16F961-5140-422D-86A6-40CCEA72B495}.Debug|x86.Build.0 = Debug|Any CPU
		{3F16F961-5140-422D-86A6-40CCEA72B495}.Release|Any CPU.ActiveCfg = Release|Any CPU
		{3F16F961-5140-422D-86A6-40CCEA72B495}.Release|Any CPU.Build.0 = Release|Any CPU
		{3F16F961-5140-422D-86A6-40CCEA72B495}.Release|Mixed Platforms.ActiveCfg = Release|Any CPU
		{3F16F961-5140-422D-86A6-40CCEA72B495}.Release|Mixed Platforms.Build.0 = Release|Any CPU
		{3F16F961-5140-422D-86A6-40CCEA72B495}.Release|x86.ActiveCfg = Release|Any CPU
		{086B66C3-643E-43C5-8ED9-5B8B1397277A}.Debug|Any CPU.ActiveCfg = Debug|Any CPU
		{086B66C3-643E-43C5-8ED9-5B8B1397277A}.Debug|Any CPU.Build.0 = Debug|Any CPU
		{086B66C3-643E-43C5-8ED9-5B8B1397277A}.Debug|Mixed Platforms.ActiveCfg = Debug|Any CPU
		{086B66C3-643E-43C5-8ED9-5B8B1397277A}.Debug|Mixed Platforms.Build.0 = Debug|Any CPU
		{086B66C3-643E-43C5-8ED9-5B8B1397277A}.Debug|x86.ActiveCfg = Debug|Any CPU
		{086B66C3-643E-43C5-8ED9-5B8B1397277A}.Debug|x86.Build.0 = Debug|Any CPU
		{086B66C3-643E-43C5-8ED9-5B8B1397277A}.Release|Any CPU.ActiveCfg = Release|Any CPU
		{086B66C3-643E-43C5-8ED9-5B8B1397277A}.Release|Any CPU.Build.0 = Release|Any CPU
		{086B66C3-643E-43C5-8ED9-5B8B1397277A}.Release|Mixed Platforms.ActiveCfg = Release|Any CPU
		{086B66C3-643E-43C5-8ED9-5B8B1397277A}.Release|Mixed Platforms.Build.0 = Release|Any CPU
		{086B66C3-643E-43C5-8ED9-5B8B1397277A}.Release|x86.ActiveCfg = Release|Any CPU
		{A6836EA4-C3CA-4179-BC90-C6768FCEAD6F}.Debug|Any CPU.ActiveCfg = Debug|Any CPU
		{A6836EA4-C3CA-4179-BC90-C6768FCEAD6F}.Debug|Any CPU.Build.0 = Debug|Any CPU
		{A6836EA4-C3CA-4179-BC90-C6768FCEAD6F}.Debug|Mixed Platforms.ActiveCfg = Debug|Any CPU
		{A6836EA4-C3CA-4179-BC90-C6768FCEAD6F}.Debug|Mixed Platforms.Build.0 = Debug|Any CPU
		{A6836EA4-C3CA-4179-BC90-C6768FCEAD6F}.Debug|x86.ActiveCfg = Debug|Any CPU
		{A6836EA4-C3CA-4179-BC90-C6768FCEAD6F}.Debug|x86.Build.0 = Debug|Any CPU
		{A6836EA4-C3CA-4179-BC90-C6768FCEAD6F}.Release|Any CPU.ActiveCfg = Release|Any CPU
		{A6836EA4-C3CA-4179-BC90-C6768FCEAD6F}.Release|Any CPU.Build.0 = Release|Any CPU
		{A6836EA4-C3CA-4179-BC90-C6768FCEAD6F}.Release|Mixed Platforms.ActiveCfg = Release|Any CPU
		{A6836EA4-C3CA-4179-BC90-C6768FCEAD6F}.Release|Mixed Platforms.Build.0 = Release|Any CPU
		{A6836EA4-C3CA-4179-BC90-C6768FCEAD6F}.Release|x86.ActiveCfg = Release|Any CPU
		{DA473696-B41A-4C5E-879D-77AE1E12B01D}.Debug|Any CPU.ActiveCfg = Debug|Any CPU
		{DA473696-B41A-4C5E-879D-77AE1E12B01D}.Debug|Any CPU.Build.0 = Debug|Any CPU
		{DA473696-B41A-4C5E-879D-77AE1E12B01D}.Debug|Mixed Platforms.ActiveCfg = Debug|Any CPU
		{DA473696-B41A-4C5E-879D-77AE1E12B01D}.Debug|Mixed Platforms.Build.0 = Debug|Any CPU
		{DA473696-B41A-4C5E-879D-77AE1E12B01D}.Debug|x86.ActiveCfg = Debug|Any CPU
		{DA473696-B41A-4C5E-879D-77AE1E12B01D}.Debug|x86.Build.0 = Debug|Any CPU
		{DA473696-B41A-4C5E-879D-77AE1E12B01D}.Release|Any CPU.ActiveCfg = Release|Any CPU
		{DA473696-B41A-4C5E-879D-77AE1E12B01D}.Release|Any CPU.Build.0 = Release|Any CPU
		{DA473696-B41A-4C5E-879D-77AE1E12B01D}.Release|Mixed Platforms.ActiveCfg = Release|Any CPU
		{DA473696-B41A-4C5E-879D-77AE1E12B01D}.Release|Mixed Platforms.Build.0 = Release|Any CPU
		{DA473696-B41A-4C5E-879D-77AE1E12B01D}.Release|x86.ActiveCfg = Release|Any CPU
	EndGlobalSection
	GlobalSection(SolutionProperties) = preSolution
		HideSolutionNode = FALSE
	EndGlobalSection
EndGlobal
